
Microsoft Visual Studio Solution File, Format Version 12.00
# Visual Studio Version 16
VisualStudioVersion = 16.0.31112.23
MinimumVisualStudioVersion = 10.0.40219.1
Project("{FAE04EC0-301F-11D3-BF4B-00C04F79EFBC}") = "Atrium", "Display test\Atrium.csproj", "{3C6EE08A-E6D9-4222-8632-3CCC5F74289E}"
EndProject
Global
	GlobalSection(SolutionConfigurationPlatforms) = preSolution
		Debug|x64 = Debug|x64
		Release|x64 = Release|x64
	EndGlobalSection
	GlobalSection(ProjectConfigurationPlatforms) = postSolution
		{3C6EE08A-E6D9-4222-8632-3CCC5F74289E}.Debug|x64.ActiveCfg = Debug|x64
		{3C6EE08A-E6D9-4222-8632-3CCC5F74289E}.Debug|x64.Build.0 = Debug|x64
		{3C6EE08A-E6D9-4222-8632-3CCC5F74289E}.Release|x64.ActiveCfg = Release|x64
		{3C6EE08A-E6D9-4222-8632-3CCC5F74289E}.Release|x64.Build.0 = Release|x64
	EndGlobalSection
	GlobalSection(SolutionProperties) = preSolution
		HideSolutionNode = FALSE
	EndGlobalSection
	GlobalSection(ExtensibilityGlobals) = postSolution
		SolutionGuid = {236CE9A4-4E1C-422E-A9CA-1669BBB7B8AE}
	EndGlobalSection
EndGlobal
